
Microsoft Visual Studio Solution File, Format Version 12.00
# Visual Studio 15
VisualStudioVersion = 15.0.27130.2036
MinimumVisualStudioVersion = 10.0.40219.1
Project("{888888A0-9F3D-457C-B088-3A5042F75D52}") = "KeyboardTyper", "KeyboardTyper.pyproj", "{C19D039E-30C8-425B-9AE8-95CF1440ADEC}"
EndProject
Global
	GlobalSection(SolutionConfigurationPlatforms) = preSolution
		Debug|Any CPU = Debug|Any CPU
		Release|Any CPU = Release|Any CPU
	EndGlobalSection
	GlobalSection(ProjectConfigurationPlatforms) = postSolution
		{C19D039E-30C8-425B-9AE8-95CF1440ADEC}.Debug|Any CPU.ActiveCfg = Debug|Any CPU
		{C19D039E-30C8-425B-9AE8-95CF1440ADEC}.Release|Any CPU.ActiveCfg = Release|Any CPU
	EndGlobalSection
	GlobalSection(SolutionProperties) = preSolution
		HideSolutionNode = FALSE
	EndGlobalSection
	GlobalSection(ExtensibilityGlobals) = postSolution
		SolutionGuid = {DAB844FE-871C-4DC3-87AF-9B01D7AE0874}
	EndGlobalSection
EndGlobal
